// !$*UTF8*$!
{
	archiveVersion = 1;
	classes = {
	};
	objectVersion = 46;
	objects = {

/* Begin PBXBuildFile section */
		174899CC1682791200D61DC2 /* Restaurant.m in Sources */ = {isa = PBXBuildFile; fileRef = 174899CB1682791200D61DC2 /* Restaurant.m */; };
		17707E5D167B70130000CD27 /* UserDataFetcher.m in Sources */ = {isa = PBXBuildFile; fileRef = 17707E5C167B70130000CD27 /* UserDataFetcher.m */; };
		17707E60167B70440000CD27 /* RatingDataFetcher.m in Sources */ = {isa = PBXBuildFile; fileRef = 17707E5F167B70440000CD27 /* RatingDataFetcher.m */; };
		17707E63167B705B0000CD27 /* RestaurantDataFetcher.m in Sources */ = {isa = PBXBuildFile; fileRef = 17707E62167B705B0000CD27 /* RestaurantDataFetcher.m */; };
		17707E6B167B72F80000CD27 /* PreferencesManager.m in Sources */ = {isa = PBXBuildFile; fileRef = 17707E6A167B72F80000CD27 /* PreferencesManager.m */; };
		177F5BFF1683AA5100330CE0 /* User.m in Sources */ = {isa = PBXBuildFile; fileRef = 177F5BFE1683AA5000330CE0 /* User.m */; };
		177F5C031683AAA200330CE0 /* UserPreference.m in Sources */ = {isa = PBXBuildFile; fileRef = 177F5C021683AAA200330CE0 /* UserPreference.m */; };
		177F5C061683AAA300330CE0 /* UserPreferenceWeight.m in Sources */ = {isa = PBXBuildFile; fileRef = 177F5C051683AAA300330CE0 /* UserPreferenceWeight.m */; };
		522B1BB3167E173300720E8D /* RatingsManager.m in Sources */ = {isa = PBXBuildFile; fileRef = 522B1BB2167E173300720E8D /* RatingsManager.m */; };
		522E787B1666A7080017A86A /* ListPopUpcontroller.m in Sources */ = {isa = PBXBuildFile; fileRef = 522E787A1666A7080017A86A /* ListPopUpcontroller.m */; };
		52361D0116611DF3008232A3 /* StatisticsLibrary.m in Sources */ = {isa = PBXBuildFile; fileRef = 52361D0016611DF3008232A3 /* StatisticsLibrary.m */; };
		523A0C5016603B0700F9BF3E /* RatingsView.m in Sources */ = {isa = PBXBuildFile; fileRef = 523A0C4F16603B0700F9BF3E /* RatingsView.m */; };
		52530D3B167E717100C68AD7 /* ActionGeneric.m in Sources */ = {isa = PBXBuildFile; fileRef = 52530D3A167E717100C68AD7 /* ActionGeneric.m */; };
		5255D9C3166FE8E9003D1734 /* DataFetcher.m in Sources */ = {isa = PBXBuildFile; fileRef = 5255D9C2166FE8E9003D1734 /* DataFetcher.m */; };
		52679F17167CFFD6002860A5 /* RatingWeight.m in Sources */ = {isa = PBXBuildFile; fileRef = 52679F16167CFFD6002860A5 /* RatingWeight.m */; };
		52679F1D167CFFD7002860A5 /* RestaurantRating.m in Sources */ = {isa = PBXBuildFile; fileRef = 52679F1C167CFFD7002860A5 /* RestaurantRating.m */; };
		529B7F13165D92D500C72F10 /* UsersView.m in Sources */ = {isa = PBXBuildFile; fileRef = 529B7F12165D92D500C72F10 /* UsersView.m */; };
		529FAFE81659311000802D22 /* DataGenerator.m in Sources */ = {isa = PBXBuildFile; fileRef = 529FAFE71659311000802D22 /* DataGenerator.m */; };
		52A6852D16617B4000B83BAF /* FavoriteCategory.m in Sources */ = {isa = PBXBuildFile; fileRef = 52A6852C16617B4000B83BAF /* FavoriteCategory.m */; };
		52A97894165449C8004ABC6D /* Cocoa.framework in Frameworks */ = {isa = PBXBuildFile; fileRef = 52A97893165449C8004ABC6D /* Cocoa.framework */; };
		52A9789E165449C8004ABC6D /* InfoPlist.strings in Resources */ = {isa = PBXBuildFile; fileRef = 52A9789C165449C8004ABC6D /* InfoPlist.strings */; };
		52A978A0165449C8004ABC6D /* main.m in Sources */ = {isa = PBXBuildFile; fileRef = 52A9789F165449C8004ABC6D /* main.m */; };
		52A978A4165449C8004ABC6D /* Credits.rtf in Resources */ = {isa = PBXBuildFile; fileRef = 52A978A2165449C8004ABC6D /* Credits.rtf */; };
		52A978A7165449C8004ABC6D /* AppDelegate.m in Sources */ = {isa = PBXBuildFile; fileRef = 52A978A6165449C8004ABC6D /* AppDelegate.m */; };
		52A978AA165449C8004ABC6D /* MainMenu.xib in Resources */ = {isa = PBXBuildFile; fileRef = 52A978A8165449C8004ABC6D /* MainMenu.xib */; };
		52A978AD165449C8004ABC6D /* Recommendation.xcdatamodeld in Sources */ = {isa = PBXBuildFile; fileRef = 52A978AB165449C8004ABC6D /* Recommendation.xcdatamodeld */; };
		52A978B616544E35004ABC6D /* RestaurantsView.m in Sources */ = {isa = PBXBuildFile; fileRef = 52A978B516544E35004ABC6D /* RestaurantsView.m */; };
		52ABE99F1675475200E91274 /* DataGenerationRulesRestaurant.m in Sources */ = {isa = PBXBuildFile; fileRef = 52ABE99E1675475200E91274 /* DataGenerationRulesRestaurant.m */; };
		52ABE9A41675502F00E91274 /* DataGenerationRulesUser.m in Sources */ = {isa = PBXBuildFile; fileRef = 52ABE9A31675502F00E91274 /* DataGenerationRulesUser.m */; };
		52ABE9A71675504500E91274 /* DataGenerationRulesRating.m in Sources */ = {isa = PBXBuildFile; fileRef = 52ABE9A61675504500E91274 /* DataGenerationRulesRating.m */; };
		52BBD9871656F71D006F9BA2 /* CoreData.framework in Frameworks */ = {isa = PBXBuildFile; fileRef = 52A97897165449C8004ABC6D /* CoreData.framework */; };
		52D684001662E019006919E2 /* FavoriteCuisine.m in Sources */ = {isa = PBXBuildFile; fileRef = 52D683FF1662E019006919E2 /* FavoriteCuisine.m */; };
		52D684041662E7AE006919E2 /* FavoriteLocation.m in Sources */ = {isa = PBXBuildFile; fileRef = 52D684031662E7AE006919E2 /* FavoriteLocation.m */; };
		52D684071662E7FF006919E2 /* FavoriteSmoking.m in Sources */ = {isa = PBXBuildFile; fileRef = 52D684061662E7FF006919E2 /* FavoriteSmoking.m */; };
		52E4D637168E4ED8002241BB /* RecommendationManager.m in Sources */ = {isa = PBXBuildFile; fileRef = 52E4D636168E4ED8002241BB /* RecommendationManager.m */; };
/* End PBXBuildFile section */

/* Begin PBXFileReference section */
		174899CA1682791200D61DC2 /* Restaurant.h */ = {isa = PBXFileReference; fileEncoding = 4; lastKnownFileType = sourcecode.c.h; path = Restaurant.h; sourceTree = "<group>"; };
		174899CB1682791200D61DC2 /* Restaurant.m */ = {isa = PBXFileReference; fileEncoding = 4; lastKnownFileType = sourcecode.c.objc; path = Restaurant.m; sourceTree = "<group>"; };
		17707E5B167B70130000CD27 /* UserDataFetcher.h */ = {isa = PBXFileReference; fileEncoding = 4; lastKnownFileType = sourcecode.c.h; path = UserDataFetcher.h; sourceTree = "<group>"; };
		17707E5C167B70130000CD27 /* UserDataFetcher.m */ = {isa = PBXFileReference; fileEncoding = 4; lastKnownFileType = sourcecode.c.objc; path = UserDataFetcher.m; sourceTree = "<group>"; };
		17707E5E167B70440000CD27 /* RatingDataFetcher.h */ = {isa = PBXFileReference; fileEncoding = 4; lastKnownFileType = sourcecode.c.h; path = RatingDataFetcher.h; sourceTree = "<group>"; };
		17707E5F167B70440000CD27 /* RatingDataFetcher.m */ = {isa = PBXFileReference; fileEncoding = 4; lastKnownFileType = sourcecode.c.objc; path = RatingDataFetcher.m; sourceTree = "<group>"; };
		17707E61167B705B0000CD27 /* RestaurantDataFetcher.h */ = {isa = PBXFileReference; fileEncoding = 4; lastKnownFileType = sourcecode.c.h; path = RestaurantDataFetcher.h; sourceTree = "<group>"; };
		17707E62167B705B0000CD27 /* RestaurantDataFetcher.m */ = {isa = PBXFileReference; fileEncoding = 4; lastKnownFileType = sourcecode.c.objc; path = RestaurantDataFetcher.m; sourceTree = "<group>"; };
		17707E69167B72F80000CD27 /* PreferencesManager.h */ = {isa = PBXFileReference; fileEncoding = 4; lastKnownFileType = sourcecode.c.h; path = PreferencesManager.h; sourceTree = "<group>"; };
		17707E6A167B72F80000CD27 /* PreferencesManager.m */ = {isa = PBXFileReference; fileEncoding = 4; lastKnownFileType = sourcecode.c.objc; path = PreferencesManager.m; sourceTree = "<group>"; };
		177F5BFD1683AA5000330CE0 /* User.h */ = {isa = PBXFileReference; fileEncoding = 4; lastKnownFileType = sourcecode.c.h; path = User.h; sourceTree = "<group>"; };
		177F5BFE1683AA5000330CE0 /* User.m */ = {isa = PBXFileReference; fileEncoding = 4; lastKnownFileType = sourcecode.c.objc; path = User.m; sourceTree = "<group>"; };
		177F5C011683AAA200330CE0 /* UserPreference.h */ = {isa = PBXFileReference; fileEncoding = 4; lastKnownFileType = sourcecode.c.h; path = UserPreference.h; sourceTree = "<group>"; };
		177F5C021683AAA200330CE0 /* UserPreference.m */ = {isa = PBXFileReference; fileEncoding = 4; lastKnownFileType = sourcecode.c.objc; path = UserPreference.m; sourceTree = "<group>"; };
		177F5C041683AAA300330CE0 /* UserPreferenceWeight.h */ = {isa = PBXFileReference; fileEncoding = 4; lastKnownFileType = sourcecode.c.h; path = UserPreferenceWeight.h; sourceTree = "<group>"; };
		177F5C051683AAA300330CE0 /* UserPreferenceWeight.m */ = {isa = PBXFileReference; fileEncoding = 4; lastKnownFileType = sourcecode.c.objc; path = UserPreferenceWeight.m; sourceTree = "<group>"; };
		522B1BB1167E173300720E8D /* RatingsManager.h */ = {isa = PBXFileReference; fileEncoding = 4; lastKnownFileType = sourcecode.c.h; path = RatingsManager.h; sourceTree = "<group>"; };
		522B1BB2167E173300720E8D /* RatingsManager.m */ = {isa = PBXFileReference; fileEncoding = 4; lastKnownFileType = sourcecode.c.objc; path = RatingsManager.m; sourceTree = "<group>"; };
		522E78791666A7080017A86A /* ListPopUpcontroller.h */ = {isa = PBXFileReference; fileEncoding = 4; lastKnownFileType = sourcecode.c.h; path = ListPopUpcontroller.h; sourceTree = "<group>"; };
		522E787A1666A7080017A86A /* ListPopUpcontroller.m */ = {isa = PBXFileReference; fileEncoding = 4; lastKnownFileType = sourcecode.c.objc; path = ListPopUpcontroller.m; sourceTree = "<group>"; };
		52361CFF16611DF3008232A3 /* StatisticsLibrary.h */ = {isa = PBXFileReference; fileEncoding = 4; lastKnownFileType = sourcecode.c.h; path = StatisticsLibrary.h; sourceTree = "<group>"; };
		52361D0016611DF3008232A3 /* StatisticsLibrary.m */ = {isa = PBXFileReference; fileEncoding = 4; lastKnownFileType = sourcecode.c.objc; path = StatisticsLibrary.m; sourceTree = "<group>"; };
		523A0C4E16603B0700F9BF3E /* RatingsView.h */ = {isa = PBXFileReference; fileEncoding = 4; lastKnownFileType = sourcecode.c.h; path = RatingsView.h; sourceTree = "<group>"; };
		523A0C4F16603B0700F9BF3E /* RatingsView.m */ = {isa = PBXFileReference; fileEncoding = 4; lastKnownFileType = sourcecode.c.objc; path = RatingsView.m; sourceTree = "<group>"; };
		52530D39167E717100C68AD7 /* ActionGeneric.h */ = {isa = PBXFileReference; fileEncoding = 4; lastKnownFileType = sourcecode.c.h; path = ActionGeneric.h; sourceTree = "<group>"; };
		52530D3A167E717100C68AD7 /* ActionGeneric.m */ = {isa = PBXFileReference; fileEncoding = 4; lastKnownFileType = sourcecode.c.objc; path = ActionGeneric.m; sourceTree = "<group>"; };
		5255D9C1166FE8E9003D1734 /* DataFetcher.h */ = {isa = PBXFileReference; fileEncoding = 4; lastKnownFileType = sourcecode.c.h; path = DataFetcher.h; sourceTree = "<group>"; };
		5255D9C2166FE8E9003D1734 /* DataFetcher.m */ = {isa = PBXFileReference; fileEncoding = 4; lastKnownFileType = sourcecode.c.objc; path = DataFetcher.m; sourceTree = "<group>"; };
		52679F15167CFFD6002860A5 /* RatingWeight.h */ = {isa = PBXFileReference; fileEncoding = 4; lastKnownFileType = sourcecode.c.h; path = RatingWeight.h; sourceTree = "<group>"; };
		52679F16167CFFD6002860A5 /* RatingWeight.m */ = {isa = PBXFileReference; fileEncoding = 4; lastKnownFileType = sourcecode.c.objc; path = RatingWeight.m; sourceTree = "<group>"; };
		52679F1B167CFFD7002860A5 /* RestaurantRating.h */ = {isa = PBXFileReference; fileEncoding = 4; lastKnownFileType = sourcecode.c.h; path = RestaurantRating.h; sourceTree = "<group>"; };
		52679F1C167CFFD7002860A5 /* RestaurantRating.m */ = {isa = PBXFileReference; fileEncoding = 4; lastKnownFileType = sourcecode.c.objc; path = RestaurantRating.m; sourceTree = "<group>"; };
		529B7F11165D92D500C72F10 /* UsersView.h */ = {isa = PBXFileReference; fileEncoding = 4; lastKnownFileType = sourcecode.c.h; path = UsersView.h; sourceTree = "<group>"; };
		529B7F12165D92D500C72F10 /* UsersView.m */ = {isa = PBXFileReference; fileEncoding = 4; lastKnownFileType = sourcecode.c.objc; path = UsersView.m; sourceTree = "<group>"; };
		529FAFE61659311000802D22 /* DataGenerator.h */ = {isa = PBXFileReference; fileEncoding = 4; lastKnownFileType = sourcecode.c.h; path = DataGenerator.h; sourceTree = "<group>"; };
		529FAFE71659311000802D22 /* DataGenerator.m */ = {isa = PBXFileReference; fileEncoding = 4; lastKnownFileType = sourcecode.c.objc; path = DataGenerator.m; sourceTree = "<group>"; };
		52A68526166156A000B83BAF /* Constants.h */ = {isa = PBXFileReference; lastKnownFileType = sourcecode.c.h; path = Constants.h; sourceTree = "<group>"; };
		52A6852B16617B4000B83BAF /* FavoriteCategory.h */ = {isa = PBXFileReference; fileEncoding = 4; lastKnownFileType = sourcecode.c.h; path = FavoriteCategory.h; sourceTree = "<group>"; };
		52A6852C16617B4000B83BAF /* FavoriteCategory.m */ = {isa = PBXFileReference; fileEncoding = 4; lastKnownFileType = sourcecode.c.objc; path = FavoriteCategory.m; sourceTree = "<group>"; };
		52A9788F165449C8004ABC6D /* Recommendation.app */ = {isa = PBXFileReference; explicitFileType = wrapper.application; includeInIndex = 0; path = Recommendation.app; sourceTree = BUILT_PRODUCTS_DIR; };
		52A97893165449C8004ABC6D /* Cocoa.framework */ = {isa = PBXFileReference; lastKnownFileType = wrapper.framework; name = Cocoa.framework; path = System/Library/Frameworks/Cocoa.framework; sourceTree = SDKROOT; };
		52A97896165449C8004ABC6D /* AppKit.framework */ = {isa = PBXFileReference; lastKnownFileType = wrapper.framework; name = AppKit.framework; path = System/Library/Frameworks/AppKit.framework; sourceTree = SDKROOT; };
		52A97897165449C8004ABC6D /* CoreData.framework */ = {isa = PBXFileReference; lastKnownFileType = wrapper.framework; name = CoreData.framework; path = System/Library/Frameworks/CoreData.framework; sourceTree = SDKROOT; };
		52A97898165449C8004ABC6D /* Foundation.framework */ = {isa = PBXFileReference; lastKnownFileType = wrapper.framework; name = Foundation.framework; path = System/Library/Frameworks/Foundation.framework; sourceTree = SDKROOT; };
		52A9789B165449C8004ABC6D /* Recommendation-Info.plist */ = {isa = PBXFileReference; lastKnownFileType = text.plist.xml; path = "Recommendation-Info.plist"; sourceTree = "<group>"; };
		52A9789D165449C8004ABC6D /* en */ = {isa = PBXFileReference; lastKnownFileType = text.plist.strings; name = en; path = en.lproj/InfoPlist.strings; sourceTree = "<group>"; };
		52A9789F165449C8004ABC6D /* main.m */ = {isa = PBXFileReference; lastKnownFileType = sourcecode.c.objc; path = main.m; sourceTree = "<group>"; };
		52A978A1165449C8004ABC6D /* Recommendation-Prefix.pch */ = {isa = PBXFileReference; lastKnownFileType = sourcecode.c.h; path = "Recommendation-Prefix.pch"; sourceTree = "<group>"; };
		52A978A3165449C8004ABC6D /* en */ = {isa = PBXFileReference; lastKnownFileType = text.rtf; name = en; path = en.lproj/Credits.rtf; sourceTree = "<group>"; };
		52A978A5165449C8004ABC6D /* AppDelegate.h */ = {isa = PBXFileReference; lastKnownFileType = sourcecode.c.h; path = AppDelegate.h; sourceTree = "<group>"; };
		52A978A6165449C8004ABC6D /* AppDelegate.m */ = {isa = PBXFileReference; lastKnownFileType = sourcecode.c.objc; path = AppDelegate.m; sourceTree = "<group>"; };
		52A978A9165449C8004ABC6D /* en */ = {isa = PBXFileReference; lastKnownFileType = file.xib; name = en; path = en.lproj/MainMenu.xib; sourceTree = "<group>"; };
		52A978AC165449C8004ABC6D /* Recommendation.xcdatamodel */ = {isa = PBXFileReference; lastKnownFileType = wrapper.xcdatamodel; path = Recommendation.xcdatamodel; sourceTree = "<group>"; };
		52A978B416544E35004ABC6D /* RestaurantsView.h */ = {isa = PBXFileReference; fileEncoding = 4; lastKnownFileType = sourcecode.c.h; path = RestaurantsView.h; sourceTree = "<group>"; };
		52A978B516544E35004ABC6D /* RestaurantsView.m */ = {isa = PBXFileReference; fileEncoding = 4; lastKnownFileType = sourcecode.c.objc; path = RestaurantsView.m; sourceTree = "<group>"; };
		52ABE99D1675475200E91274 /* DataGenerationRulesRestaurant.h */ = {isa = PBXFileReference; fileEncoding = 4; lastKnownFileType = sourcecode.c.h; path = DataGenerationRulesRestaurant.h; sourceTree = "<group>"; };
		52ABE99E1675475200E91274 /* DataGenerationRulesRestaurant.m */ = {isa = PBXFileReference; fileEncoding = 4; lastKnownFileType = sourcecode.c.objc; path = DataGenerationRulesRestaurant.m; sourceTree = "<group>"; };
		52ABE9A21675502F00E91274 /* DataGenerationRulesUser.h */ = {isa = PBXFileReference; fileEncoding = 4; lastKnownFileType = sourcecode.c.h; path = DataGenerationRulesUser.h; sourceTree = "<group>"; };
		52ABE9A31675502F00E91274 /* DataGenerationRulesUser.m */ = {isa = PBXFileReference; fileEncoding = 4; lastKnownFileType = sourcecode.c.objc; path = DataGenerationRulesUser.m; sourceTree = "<group>"; };
		52ABE9A51675504500E91274 /* DataGenerationRulesRating.h */ = {isa = PBXFileReference; fileEncoding = 4; lastKnownFileType = sourcecode.c.h; path = DataGenerationRulesRating.h; sourceTree = "<group>"; };
		52ABE9A61675504500E91274 /* DataGenerationRulesRating.m */ = {isa = PBXFileReference; fileEncoding = 4; lastKnownFileType = sourcecode.c.objc; path = DataGenerationRulesRating.m; sourceTree = "<group>"; };
		52D683FE1662E019006919E2 /* FavoriteCuisine.h */ = {isa = PBXFileReference; fileEncoding = 4; lastKnownFileType = sourcecode.c.h; path = FavoriteCuisine.h; sourceTree = "<group>"; };
		52D683FF1662E019006919E2 /* FavoriteCuisine.m */ = {isa = PBXFileReference; fileEncoding = 4; lastKnownFileType = sourcecode.c.objc; path = FavoriteCuisine.m; sourceTree = "<group>"; };
		52D684021662E7AE006919E2 /* FavoriteLocation.h */ = {isa = PBXFileReference; fileEncoding = 4; lastKnownFileType = sourcecode.c.h; path = FavoriteLocation.h; sourceTree = "<group>"; };
		52D684031662E7AE006919E2 /* FavoriteLocation.m */ = {isa = PBXFileReference; fileEncoding = 4; lastKnownFileType = sourcecode.c.objc; path = FavoriteLocation.m; sourceTree = "<group>"; };
		52D684051662E7FF006919E2 /* FavoriteSmoking.h */ = {isa = PBXFileReference; fileEncoding = 4; lastKnownFileType = sourcecode.c.h; path = FavoriteSmoking.h; sourceTree = "<group>"; };
		52D684061662E7FF006919E2 /* FavoriteSmoking.m */ = {isa = PBXFileReference; fileEncoding = 4; lastKnownFileType = sourcecode.c.objc; path = FavoriteSmoking.m; sourceTree = "<group>"; };
		52E4D635168E4ED8002241BB /* RecommendationManager.h */ = {isa = PBXFileReference; fileEncoding = 4; lastKnownFileType = sourcecode.c.h; path = RecommendationManager.h; sourceTree = "<group>"; };
		52E4D636168E4ED8002241BB /* RecommendationManager.m */ = {isa = PBXFileReference; fileEncoding = 4; lastKnownFileType = sourcecode.c.objc; path = RecommendationManager.m; sourceTree = "<group>"; };
/* End PBXFileReference section */

/* Begin PBXFrameworksBuildPhase section */
		52A9788C165449C8004ABC6D /* Frameworks */ = {
			isa = PBXFrameworksBuildPhase;
			buildActionMask = 2147483647;
			files = (
				52BBD9871656F71D006F9BA2 /* CoreData.framework in Frameworks */,
				52A97894165449C8004ABC6D /* Cocoa.framework in Frameworks */,
			);
			runOnlyForDeploymentPostprocessing = 0;
		};
/* End PBXFrameworksBuildPhase section */

/* Begin PBXGroup section */
		17707E59167B6FF10000CD27 /* DataFetcher */ = {
			isa = PBXGroup;
			children = (
				17707E5B167B70130000CD27 /* UserDataFetcher.h */,
				17707E5C167B70130000CD27 /* UserDataFetcher.m */,
				17707E5E167B70440000CD27 /* RatingDataFetcher.h */,
				17707E5F167B70440000CD27 /* RatingDataFetcher.m */,
				17707E61167B705B0000CD27 /* RestaurantDataFetcher.h */,
				17707E62167B705B0000CD27 /* RestaurantDataFetcher.m */,
			);
			path = DataFetcher;
			sourceTree = "<group>";
		};
		17707E68167B72CB0000CD27 /* Managers */ = {
			isa = PBXGroup;
			children = (
				17707E69167B72F80000CD27 /* PreferencesManager.h */,
				17707E6A167B72F80000CD27 /* PreferencesManager.m */,
				522B1BB1167E173300720E8D /* RatingsManager.h */,
				522B1BB2167E173300720E8D /* RatingsManager.m */,
				52E4D635168E4ED8002241BB /* RecommendationManager.h */,
				52E4D636168E4ED8002241BB /* RecommendationManager.m */,
			);
			path = Managers;
			sourceTree = "<group>";
		};
		52361CFE16611DDC008232A3 /* Statistics */ = {
			isa = PBXGroup;
			children = (
				52A6852A16617B2700B83BAF /* Helper Classes */,
				52361CFF16611DF3008232A3 /* StatisticsLibrary.h */,
				52361D0016611DF3008232A3 /* StatisticsLibrary.m */,
			);
			path = Statistics;
			sourceTree = "<group>";
		};
		529FAFE4165930FA00802D22 /* DataGenerator */ = {
			isa = PBXGroup;
			children = (
				52ABE99C1675475200E91274 /* DataRules */,
				529FAFE61659311000802D22 /* DataGenerator.h */,
				529FAFE71659311000802D22 /* DataGenerator.m */,
				5255D9C1166FE8E9003D1734 /* DataFetcher.h */,
				5255D9C2166FE8E9003D1734 /* DataFetcher.m */,
			);
			path = DataGenerator;
			sourceTree = "<group>";
		};
		52A685241661546200B83BAF /* Constants */ = {
			isa = PBXGroup;
			children = (
				52A68526166156A000B83BAF /* Constants.h */,
			);
			path = Constants;
			sourceTree = "<group>";
		};
		52A6852A16617B2700B83BAF /* Helper Classes */ = {
			isa = PBXGroup;
			children = (
				52A6852B16617B4000B83BAF /* FavoriteCategory.h */,
				52A6852C16617B4000B83BAF /* FavoriteCategory.m */,
				52D683FE1662E019006919E2 /* FavoriteCuisine.h */,
				52D683FF1662E019006919E2 /* FavoriteCuisine.m */,
				52D684021662E7AE006919E2 /* FavoriteLocation.h */,
				52D684031662E7AE006919E2 /* FavoriteLocation.m */,
				52D684051662E7FF006919E2 /* FavoriteSmoking.h */,
				52D684061662E7FF006919E2 /* FavoriteSmoking.m */,
				52530D39167E717100C68AD7 /* ActionGeneric.h */,
				52530D3A167E717100C68AD7 /* ActionGeneric.m */,
			);
			path = "Helper Classes";
			sourceTree = "<group>";
		};
		52A97884165449C8004ABC6D = {
			isa = PBXGroup;
			children = (
				52A97899165449C8004ABC6D /* Recommendation */,
				52A97892165449C8004ABC6D /* Frameworks */,
				52A97890165449C8004ABC6D /* Products */,
			);
			sourceTree = "<group>";
		};
		52A97890165449C8004ABC6D /* Products */ = {
			isa = PBXGroup;
			children = (
				52A9788F165449C8004ABC6D /* Recommendation.app */,
			);
			name = Products;
			sourceTree = "<group>";
		};
		52A97892165449C8004ABC6D /* Frameworks */ = {
			isa = PBXGroup;
			children = (
				52A97893165449C8004ABC6D /* Cocoa.framework */,
				52A97895165449C8004ABC6D /* Other Frameworks */,
			);
			name = Frameworks;
			sourceTree = "<group>";
		};
		52A97895165449C8004ABC6D /* Other Frameworks */ = {
			isa = PBXGroup;
			children = (
				52A97896165449C8004ABC6D /* AppKit.framework */,
				52A97897165449C8004ABC6D /* CoreData.framework */,
				52A97898165449C8004ABC6D /* Foundation.framework */,
			);
			name = "Other Frameworks";
			sourceTree = "<group>";
		};
		52A97899165449C8004ABC6D /* Recommendation */ = {
			isa = PBXGroup;
			children = (
				17707E68167B72CB0000CD27 /* Managers */,
				17707E59167B6FF10000CD27 /* DataFetcher */,
				52A685241661546200B83BAF /* Constants */,
				52361CFE16611DDC008232A3 /* Statistics */,
				529FAFE4165930FA00802D22 /* DataGenerator */,
				52B0C21D16570631009D1361 /* DataModel */,
				52A978B316544CCC004ABC6D /* Tabs */,
				52A978A5165449C8004ABC6D /* AppDelegate.h */,
				52A978A6165449C8004ABC6D /* AppDelegate.m */,
				52A978A8165449C8004ABC6D /* MainMenu.xib */,
				52A978AB165449C8004ABC6D /* Recommendation.xcdatamodeld */,
				52A9789A165449C8004ABC6D /* Supporting Files */,
			);
			path = Recommendation;
			sourceTree = "<group>";
		};
		52A9789A165449C8004ABC6D /* Supporting Files */ = {
			isa = PBXGroup;
			children = (
				52A9789B165449C8004ABC6D /* Recommendation-Info.plist */,
				52A9789C165449C8004ABC6D /* InfoPlist.strings */,
				52A9789F165449C8004ABC6D /* main.m */,
				52A978A1165449C8004ABC6D /* Recommendation-Prefix.pch */,
				52A978A2165449C8004ABC6D /* Credits.rtf */,
			);
			name = "Supporting Files";
			sourceTree = "<group>";
		};
		52A978B316544CCC004ABC6D /* Tabs */ = {
			isa = PBXGroup;
			children = (
				52A978B416544E35004ABC6D /* RestaurantsView.h */,
				52A978B516544E35004ABC6D /* RestaurantsView.m */,
				529B7F11165D92D500C72F10 /* UsersView.h */,
				529B7F12165D92D500C72F10 /* UsersView.m */,
				523A0C4E16603B0700F9BF3E /* RatingsView.h */,
				523A0C4F16603B0700F9BF3E /* RatingsView.m */,
				522E78791666A7080017A86A /* ListPopUpcontroller.h */,
				522E787A1666A7080017A86A /* ListPopUpcontroller.m */,
			);
			path = Tabs;
			sourceTree = "<group>";
		};
		52ABE9971674F59C00E91274 /* Categries */ = {
			isa = PBXGroup;
			children = (
			);
			path = Categries;
			sourceTree = "<group>";
		};
		52ABE99C1675475200E91274 /* DataRules */ = {
			isa = PBXGroup;
			children = (
				52ABE99D1675475200E91274 /* DataGenerationRulesRestaurant.h */,
				52ABE99E1675475200E91274 /* DataGenerationRulesRestaurant.m */,
				52ABE9A21675502F00E91274 /* DataGenerationRulesUser.h */,
				52ABE9A31675502F00E91274 /* DataGenerationRulesUser.m */,
				52ABE9A51675504500E91274 /* DataGenerationRulesRating.h */,
				52ABE9A61675504500E91274 /* DataGenerationRulesRating.m */,
			);
			path = DataRules;
			sourceTree = "<group>";
		};
		52B0C21D16570631009D1361 /* DataModel */ = {
			isa = PBXGroup;
			children = (
				52ABE9971674F59C00E91274 /* Categries */,
				52679F15167CFFD6002860A5 /* RatingWeight.h */,
				52679F16167CFFD6002860A5 /* RatingWeight.m */,
				52679F1B167CFFD7002860A5 /* RestaurantRating.h */,
				52679F1C167CFFD7002860A5 /* RestaurantRating.m */,
				174899CA1682791200D61DC2 /* Restaurant.h */,
				174899CB1682791200D61DC2 /* Restaurant.m */,
				177F5BFD1683AA5000330CE0 /* User.h */,
				177F5BFE1683AA5000330CE0 /* User.m */,
				177F5C011683AAA200330CE0 /* UserPreference.h */,
				177F5C021683AAA200330CE0 /* UserPreference.m */,
				177F5C041683AAA300330CE0 /* UserPreferenceWeight.h */,
				177F5C051683AAA300330CE0 /* UserPreferenceWeight.m */,
			);
			path = DataModel;
			sourceTree = "<group>";
		};
/* End PBXGroup section */

/* Begin PBXNativeTarget section */
		52A9788E165449C8004ABC6D /* Recommendation */ = {
			isa = PBXNativeTarget;
			buildConfigurationList = 52A978B0165449C8004ABC6D /* Build configuration list for PBXNativeTarget "Recommendation" */;
			buildPhases = (
				52A9788B165449C8004ABC6D /* Sources */,
				52A9788C165449C8004ABC6D /* Frameworks */,
				52A9788D165449C8004ABC6D /* Resources */,
			);
			buildRules = (
			);
			dependencies = (
			);
			name = Recommendation;
			productName = Recommendation;
			productReference = 52A9788F165449C8004ABC6D /* Recommendation.app */;
			productType = "com.apple.product-type.application";
		};
/* End PBXNativeTarget section */

/* Begin PBXProject section */
		52A97886165449C8004ABC6D /* Project object */ = {
			isa = PBXProject;
			attributes = {
				LastUpgradeCheck = 0450;
				ORGANIZATIONNAME = ilker;
			};
			buildConfigurationList = 52A97889165449C8004ABC6D /* Build configuration list for PBXProject "Recommendation" */;
			compatibilityVersion = "Xcode 3.2";
			developmentRegion = English;
			hasScannedForEncodings = 0;
			knownRegions = (
				en,
			);
			mainGroup = 52A97884165449C8004ABC6D;
			productRefGroup = 52A97890165449C8004ABC6D /* Products */;
			projectDirPath = "";
			projectRoot = "";
			targets = (
				52A9788E165449C8004ABC6D /* Recommendation */,
			);
		};
/* End PBXProject section */

/* Begin PBXResourcesBuildPhase section */
		52A9788D165449C8004ABC6D /* Resources */ = {
			isa = PBXResourcesBuildPhase;
			buildActionMask = 2147483647;
			files = (
				52A9789E165449C8004ABC6D /* InfoPlist.strings in Resources */,
				52A978A4165449C8004ABC6D /* Credits.rtf in Resources */,
				52A978AA165449C8004ABC6D /* MainMenu.xib in Resources */,
			);
			runOnlyForDeploymentPostprocessing = 0;
		};
/* End PBXResourcesBuildPhase section */

/* Begin PBXSourcesBuildPhase section */
		52A9788B165449C8004ABC6D /* Sources */ = {
			isa = PBXSourcesBuildPhase;
			buildActionMask = 2147483647;
			files = (
				52A978A0165449C8004ABC6D /* main.m in Sources */,
				52A978A7165449C8004ABC6D /* AppDelegate.m in Sources */,
				52A978AD165449C8004ABC6D /* Recommendation.xcdatamodeld in Sources */,
				52A978B616544E35004ABC6D /* RestaurantsView.m in Sources */,
				529FAFE81659311000802D22 /* DataGenerator.m in Sources */,
				529B7F13165D92D500C72F10 /* UsersView.m in Sources */,
				523A0C5016603B0700F9BF3E /* RatingsView.m in Sources */,
				52361D0116611DF3008232A3 /* StatisticsLibrary.m in Sources */,
				52A6852D16617B4000B83BAF /* FavoriteCategory.m in Sources */,
				52D684001662E019006919E2 /* FavoriteCuisine.m in Sources */,
				52D684041662E7AE006919E2 /* FavoriteLocation.m in Sources */,
				52D684071662E7FF006919E2 /* FavoriteSmoking.m in Sources */,
				522E787B1666A7080017A86A /* ListPopUpcontroller.m in Sources */,
				5255D9C3166FE8E9003D1734 /* DataFetcher.m in Sources */,
				52ABE99F1675475200E91274 /* DataGenerationRulesRestaurant.m in Sources */,
				52ABE9A41675502F00E91274 /* DataGenerationRulesUser.m in Sources */,
				52ABE9A71675504500E91274 /* DataGenerationRulesRating.m in Sources */,
				52679F17167CFFD6002860A5 /* RatingWeight.m in Sources */,
				52679F1D167CFFD7002860A5 /* RestaurantRating.m in Sources */,
				17707E5D167B70130000CD27 /* UserDataFetcher.m in Sources */,
				17707E60167B70440000CD27 /* RatingDataFetcher.m in Sources */,
				17707E63167B705B0000CD27 /* RestaurantDataFetcher.m in Sources */,
				17707E6B167B72F80000CD27 /* PreferencesManager.m in Sources */,
				522B1BB3167E173300720E8D /* RatingsManager.m in Sources */,
				52530D3B167E717100C68AD7 /* ActionGeneric.m in Sources */,
				174899CC1682791200D61DC2 /* Restaurant.m in Sources */,
				177F5BFF1683AA5100330CE0 /* User.m in Sources */,
				177F5C031683AAA200330CE0 /* UserPreference.m in Sources */,
				177F5C061683AAA300330CE0 /* UserPreferenceWeight.m in Sources */,
				52E4D637168E4ED8002241BB /* RecommendationManager.m in Sources */,
			);
			runOnlyForDeploymentPostprocessing = 0;
		};
/* End PBXSourcesBuildPhase section */

/* Begin PBXVariantGroup section */
		52A9789C165449C8004ABC6D /* InfoPlist.strings */ = {
			isa = PBXVariantGroup;
			children = (
				52A9789D165449C8004ABC6D /* en */,
			);
			name = InfoPlist.strings;
			sourceTree = "<group>";
		};
		52A978A2165449C8004ABC6D /* Credits.rtf */ = {
			isa = PBXVariantGroup;
			children = (
				52A978A3165449C8004ABC6D /* en */,
			);
			name = Credits.rtf;
			sourceTree = "<group>";
		};
		52A978A8165449C8004ABC6D /* MainMenu.xib */ = {
			isa = PBXVariantGroup;
			children = (
				52A978A9165449C8004ABC6D /* en */,
			);
			name = MainMenu.xib;
			sourceTree = "<group>";
		};
/* End PBXVariantGroup section */

/* Begin XCBuildConfiguration section */
		52A978AE165449C8004ABC6D /* Debug */ = {
			isa = XCBuildConfiguration;
			buildSettings = {
				ALWAYS_SEARCH_USER_PATHS = NO;
				ARCHS = "$(ARCHS_STANDARD_64_BIT)";
				CLANG_CXX_LANGUAGE_STANDARD = "gnu++0x";
				CLANG_CXX_LIBRARY = "libc++";
				CLANG_ENABLE_OBJC_ARC = YES;
				CLANG_WARN_EMPTY_BODY = YES;
				CLANG_WARN__DUPLICATE_METHOD_MATCH = YES;
				COPY_PHASE_STRIP = NO;
				GCC_C_LANGUAGE_STANDARD = gnu99;
				GCC_DYNAMIC_NO_PIC = NO;
				GCC_ENABLE_OBJC_EXCEPTIONS = YES;
				GCC_OPTIMIZATION_LEVEL = 0;
				GCC_PREPROCESSOR_DEFINITIONS = (
					"DEBUG=1",
					"$(inherited)",
				);
				GCC_SYMBOLS_PRIVATE_EXTERN = NO;
				GCC_WARN_64_TO_32_BIT_CONVERSION = YES;
				GCC_WARN_ABOUT_RETURN_TYPE = YES;
				GCC_WARN_UNINITIALIZED_AUTOS = YES;
				GCC_WARN_UNUSED_VARIABLE = YES;
				"HEADER_SEARCH_PATHS[arch=*]" = /opt/local/include;
				"LIBRARY_SEARCH_PATHS[arch=*]" = /opt/local/lib;
				MACOSX_DEPLOYMENT_TARGET = 10.8;
				ONLY_ACTIVE_ARCH = YES;
				OTHER_LDFLAGS = (
					"-lgsl",
					"-lgslcblas",
				);
				SDKROOT = macosx;
			};
			name = Debug;
		};
		52A978AF165449C8004ABC6D /* Release */ = {
			isa = XCBuildConfiguration;
			buildSettings = {
				ALWAYS_SEARCH_USER_PATHS = NO;
				ARCHS = "$(ARCHS_STANDARD_64_BIT)";
				CLANG_CXX_LANGUAGE_STANDARD = "gnu++0x";
				CLANG_CXX_LIBRARY = "libc++";
				CLANG_ENABLE_OBJC_ARC = YES;
				CLANG_WARN_EMPTY_BODY = YES;
				CLANG_WARN__DUPLICATE_METHOD_MATCH = YES;
				COPY_PHASE_STRIP = YES;
				DEBUG_INFORMATION_FORMAT = "dwarf-with-dsym";
				GCC_C_LANGUAGE_STANDARD = gnu99;
				GCC_ENABLE_OBJC_EXCEPTIONS = YES;
				GCC_WARN_64_TO_32_BIT_CONVERSION = YES;
				GCC_WARN_ABOUT_RETURN_TYPE = YES;
				GCC_WARN_UNINITIALIZED_AUTOS = YES;
				GCC_WARN_UNUSED_VARIABLE = YES;
				MACOSX_DEPLOYMENT_TARGET = 10.8;
				SDKROOT = macosx;
			};
			name = Release;
		};
		52A978B1165449C8004ABC6D /* Debug */ = {
			isa = XCBuildConfiguration;
			buildSettings = {
				COMBINE_HIDPI_IMAGES = YES;
				GCC_PRECOMPILE_PREFIX_HEADER = YES;
				GCC_PREFIX_HEADER = "Recommendation/Recommendation-Prefix.pch";
				INFOPLIST_FILE = "Recommendation/Recommendation-Info.plist";
				PRODUCT_NAME = "$(TARGET_NAME)";
				WRAPPER_EXTENSION = app;
			};
			name = Debug;
		};
		52A978B2165449C8004ABC6D /* Release */ = {
			isa = XCBuildConfiguration;
			buildSettings = {
				COMBINE_HIDPI_IMAGES = YES;
				GCC_PRECOMPILE_PREFIX_HEADER = YES;
				GCC_PREFIX_HEADER = "Recommendation/Recommendation-Prefix.pch";
				INFOPLIST_FILE = "Recommendation/Recommendation-Info.plist";
				PRODUCT_NAME = "$(TARGET_NAME)";
				WRAPPER_EXTENSION = app;
			};
			name = Release;
		};
/* End XCBuildConfiguration section */

/* Begin XCConfigurationList section */
		52A97889165449C8004ABC6D /* Build configuration list for PBXProject "Recommendation" */ = {
			isa = XCConfigurationList;
			buildConfigurations = (
				52A978AE165449C8004ABC6D /* Debug */,
				52A978AF165449C8004ABC6D /* Release */,
			);
			defaultConfigurationIsVisible = 0;
			defaultConfigurationName = Release;
		};
		52A978B0165449C8004ABC6D /* Build configuration list for PBXNativeTarget "Recommendation" */ = {
			isa = XCConfigurationList;
			buildConfigurations = (
				52A978B1165449C8004ABC6D /* Debug */,
				52A978B2165449C8004ABC6D /* Release */,
			);
			defaultConfigurationIsVisible = 0;
			defaultConfigurationName = Release;
		};
/* End XCConfigurationList section */

/* Begin XCVersionGroup section */
		52A978AB165449C8004ABC6D /* Recommendation.xcdatamodeld */ = {
			isa = XCVersionGroup;
			children = (
				52A978AC165449C8004ABC6D /* Recommendation.xcdatamodel */,
			);
			currentVersion = 52A978AC165449C8004ABC6D /* Recommendation.xcdatamodel */;
			path = Recommendation.xcdatamodeld;
			sourceTree = "<group>";
			versionGroupType = wrapper.xcdatamodel;
		};
/* End XCVersionGroup section */
	};
	rootObject = 52A97886165449C8004ABC6D /* Project object */;
}
