// !$*UTF8*$!
{
	archiveVersion = 1;
	classes = {
	};
	objectVersion = 46;
	objects = {

/* Begin PBXBuildFile section */
		5215B443166D4D00000007F6 /* Category+Name.m in Sources */ = {isa = PBXBuildFile; fileRef = 5215B442166D4D00000007F6 /* Category+Name.m */; };
		522E787B1666A7080017A86A /* ListPopUpcontroller.m in Sources */ = {isa = PBXBuildFile; fileRef = 522E787A1666A7080017A86A /* ListPopUpcontroller.m */; };
		52361CE416610392008232A3 /* RestaurantRating.m in Sources */ = {isa = PBXBuildFile; fileRef = 52361CE316610392008232A3 /* RestaurantRating.m */; };
		52361CE716610392008232A3 /* UserPreference.m in Sources */ = {isa = PBXBuildFile; fileRef = 52361CE616610392008232A3 /* UserPreference.m */; };
		52361CEA16610392008232A3 /* Cuisine.m in Sources */ = {isa = PBXBuildFile; fileRef = 52361CE916610392008232A3 /* Cuisine.m */; };
		52361CED16610392008232A3 /* UserPreferenceWeight.m in Sources */ = {isa = PBXBuildFile; fileRef = 52361CEC16610392008232A3 /* UserPreferenceWeight.m */; };
		52361CF016610392008232A3 /* RatingWeight.m in Sources */ = {isa = PBXBuildFile; fileRef = 52361CEF16610392008232A3 /* RatingWeight.m */; };
		52361CF316610392008232A3 /* User.m in Sources */ = {isa = PBXBuildFile; fileRef = 52361CF216610392008232A3 /* User.m */; };
		52361CF616610392008232A3 /* Category.m in Sources */ = {isa = PBXBuildFile; fileRef = 52361CF516610392008232A3 /* Category.m */; };
		52361CF916610393008232A3 /* Restaurant.m in Sources */ = {isa = PBXBuildFile; fileRef = 52361CF816610393008232A3 /* Restaurant.m */; };
		52361D0116611DF3008232A3 /* StatisticsLibrary.m in Sources */ = {isa = PBXBuildFile; fileRef = 52361D0016611DF3008232A3 /* StatisticsLibrary.m */; };
		523A0C5016603B0700F9BF3E /* RatingsView.m in Sources */ = {isa = PBXBuildFile; fileRef = 523A0C4F16603B0700F9BF3E /* RatingsView.m */; };
		529B7F13165D92D500C72F10 /* UsersView.m in Sources */ = {isa = PBXBuildFile; fileRef = 529B7F12165D92D500C72F10 /* UsersView.m */; };
		529FAFE81659311000802D22 /* DataGenerator.m in Sources */ = {isa = PBXBuildFile; fileRef = 529FAFE71659311000802D22 /* DataGenerator.m */; };
		52A6852D16617B4000B83BAF /* FavoriteCategory.m in Sources */ = {isa = PBXBuildFile; fileRef = 52A6852C16617B4000B83BAF /* FavoriteCategory.m */; };
		52A97894165449C8004ABC6D /* Cocoa.framework in Frameworks */ = {isa = PBXBuildFile; fileRef = 52A97893165449C8004ABC6D /* Cocoa.framework */; };
		52A9789E165449C8004ABC6D /* InfoPlist.strings in Resources */ = {isa = PBXBuildFile; fileRef = 52A9789C165449C8004ABC6D /* InfoPlist.strings */; };
		52A978A0165449C8004ABC6D /* main.m in Sources */ = {isa = PBXBuildFile; fileRef = 52A9789F165449C8004ABC6D /* main.m */; };
		52A978A4165449C8004ABC6D /* Credits.rtf in Resources */ = {isa = PBXBuildFile; fileRef = 52A978A2165449C8004ABC6D /* Credits.rtf */; };
		52A978A7165449C8004ABC6D /* AppDelegate.m in Sources */ = {isa = PBXBuildFile; fileRef = 52A978A6165449C8004ABC6D /* AppDelegate.m */; };
		52A978AA165449C8004ABC6D /* MainMenu.xib in Resources */ = {isa = PBXBuildFile; fileRef = 52A978A8165449C8004ABC6D /* MainMenu.xib */; };
		52A978AD165449C8004ABC6D /* Recommendation.xcdatamodeld in Sources */ = {isa = PBXBuildFile; fileRef = 52A978AB165449C8004ABC6D /* Recommendation.xcdatamodeld */; };
		52A978B616544E35004ABC6D /* RestaurantsView.m in Sources */ = {isa = PBXBuildFile; fileRef = 52A978B516544E35004ABC6D /* RestaurantsView.m */; };
		52BBD9871656F71D006F9BA2 /* CoreData.framework in Frameworks */ = {isa = PBXBuildFile; fileRef = 52A97897165449C8004ABC6D /* CoreData.framework */; };
		52D684001662E019006919E2 /* FavoriteCuisine.m in Sources */ = {isa = PBXBuildFile; fileRef = 52D683FF1662E019006919E2 /* FavoriteCuisine.m */; };
		52D684041662E7AE006919E2 /* FavoriteLocation.m in Sources */ = {isa = PBXBuildFile; fileRef = 52D684031662E7AE006919E2 /* FavoriteLocation.m */; };
		52D684071662E7FF006919E2 /* FavoriteSmoking.m in Sources */ = {isa = PBXBuildFile; fileRef = 52D684061662E7FF006919E2 /* FavoriteSmoking.m */; };
/* End PBXBuildFile section */

/* Begin PBXFileReference section */
		5215B441166D4D00000007F6 /* Category+Name.h */ = {isa = PBXFileReference; fileEncoding = 4; lastKnownFileType = sourcecode.c.h; path = "Category+Name.h"; sourceTree = "<group>"; };
		5215B442166D4D00000007F6 /* Category+Name.m */ = {isa = PBXFileReference; fileEncoding = 4; lastKnownFileType = sourcecode.c.objc; path = "Category+Name.m"; sourceTree = "<group>"; };
		522E78791666A7080017A86A /* ListPopUpcontroller.h */ = {isa = PBXFileReference; fileEncoding = 4; lastKnownFileType = sourcecode.c.h; path = ListPopUpcontroller.h; sourceTree = "<group>"; };
		522E787A1666A7080017A86A /* ListPopUpcontroller.m */ = {isa = PBXFileReference; fileEncoding = 4; lastKnownFileType = sourcecode.c.objc; path = ListPopUpcontroller.m; sourceTree = "<group>"; };
		52361CE216610392008232A3 /* RestaurantRating.h */ = {isa = PBXFileReference; fileEncoding = 4; lastKnownFileType = sourcecode.c.h; path = RestaurantRating.h; sourceTree = "<group>"; };
		52361CE316610392008232A3 /* RestaurantRating.m */ = {isa = PBXFileReference; fileEncoding = 4; lastKnownFileType = sourcecode.c.objc; path = RestaurantRating.m; sourceTree = "<group>"; };
		52361CE516610392008232A3 /* UserPreference.h */ = {isa = PBXFileReference; fileEncoding = 4; lastKnownFileType = sourcecode.c.h; path = UserPreference.h; sourceTree = "<group>"; };
		52361CE616610392008232A3 /* UserPreference.m */ = {isa = PBXFileReference; fileEncoding = 4; lastKnownFileType = sourcecode.c.objc; path = UserPreference.m; sourceTree = "<group>"; };
		52361CE816610392008232A3 /* Cuisine.h */ = {isa = PBXFileReference; fileEncoding = 4; lastKnownFileType = sourcecode.c.h; path = Cuisine.h; sourceTree = "<group>"; };
		52361CE916610392008232A3 /* Cuisine.m */ = {isa = PBXFileReference; fileEncoding = 4; lastKnownFileType = sourcecode.c.objc; path = Cuisine.m; sourceTree = "<group>"; };
		52361CEB16610392008232A3 /* UserPreferenceWeight.h */ = {isa = PBXFileReference; fileEncoding = 4; lastKnownFileType = sourcecode.c.h; path = UserPreferenceWeight.h; sourceTree = "<group>"; };
		52361CEC16610392008232A3 /* UserPreferenceWeight.m */ = {isa = PBXFileReference; fileEncoding = 4; lastKnownFileType = sourcecode.c.objc; path = UserPreferenceWeight.m; sourceTree = "<group>"; };
		52361CEE16610392008232A3 /* RatingWeight.h */ = {isa = PBXFileReference; fileEncoding = 4; lastKnownFileType = sourcecode.c.h; path = RatingWeight.h; sourceTree = "<group>"; };
		52361CEF16610392008232A3 /* RatingWeight.m */ = {isa = PBXFileReference; fileEncoding = 4; lastKnownFileType = sourcecode.c.objc; path = RatingWeight.m; sourceTree = "<group>"; };
		52361CF116610392008232A3 /* User.h */ = {isa = PBXFileReference; fileEncoding = 4; lastKnownFileType = sourcecode.c.h; path = User.h; sourceTree = "<group>"; };
		52361CF216610392008232A3 /* User.m */ = {isa = PBXFileReference; fileEncoding = 4; lastKnownFileType = sourcecode.c.objc; path = User.m; sourceTree = "<group>"; };
		52361CF416610392008232A3 /* Category.h */ = {isa = PBXFileReference; fileEncoding = 4; lastKnownFileType = sourcecode.c.h; path = Category.h; sourceTree = "<group>"; };
		52361CF516610392008232A3 /* Category.m */ = {isa = PBXFileReference; fileEncoding = 4; lastKnownFileType = sourcecode.c.objc; path = Category.m; sourceTree = "<group>"; };
		52361CF716610393008232A3 /* Restaurant.h */ = {isa = PBXFileReference; fileEncoding = 4; lastKnownFileType = sourcecode.c.h; path = Restaurant.h; sourceTree = "<group>"; };
		52361CF816610393008232A3 /* Restaurant.m */ = {isa = PBXFileReference; fileEncoding = 4; lastKnownFileType = sourcecode.c.objc; path = Restaurant.m; sourceTree = "<group>"; };
		52361CFF16611DF3008232A3 /* StatisticsLibrary.h */ = {isa = PBXFileReference; fileEncoding = 4; lastKnownFileType = sourcecode.c.h; path = StatisticsLibrary.h; sourceTree = "<group>"; };
		52361D0016611DF3008232A3 /* StatisticsLibrary.m */ = {isa = PBXFileReference; fileEncoding = 4; lastKnownFileType = sourcecode.c.objc; path = StatisticsLibrary.m; sourceTree = "<group>"; };
		523A0C4E16603B0700F9BF3E /* RatingsView.h */ = {isa = PBXFileReference; fileEncoding = 4; lastKnownFileType = sourcecode.c.h; path = RatingsView.h; sourceTree = "<group>"; };
		523A0C4F16603B0700F9BF3E /* RatingsView.m */ = {isa = PBXFileReference; fileEncoding = 4; lastKnownFileType = sourcecode.c.objc; path = RatingsView.m; sourceTree = "<group>"; };
		529B7F11165D92D500C72F10 /* UsersView.h */ = {isa = PBXFileReference; fileEncoding = 4; lastKnownFileType = sourcecode.c.h; path = UsersView.h; sourceTree = "<group>"; };
		529B7F12165D92D500C72F10 /* UsersView.m */ = {isa = PBXFileReference; fileEncoding = 4; lastKnownFileType = sourcecode.c.objc; path = UsersView.m; sourceTree = "<group>"; };
		529FAFE61659311000802D22 /* DataGenerator.h */ = {isa = PBXFileReference; fileEncoding = 4; lastKnownFileType = sourcecode.c.h; path = DataGenerator.h; sourceTree = "<group>"; };
		529FAFE71659311000802D22 /* DataGenerator.m */ = {isa = PBXFileReference; fileEncoding = 4; lastKnownFileType = sourcecode.c.objc; path = DataGenerator.m; sourceTree = "<group>"; };
		52A68526166156A000B83BAF /* Constants.h */ = {isa = PBXFileReference; lastKnownFileType = sourcecode.c.h; path = Constants.h; sourceTree = "<group>"; };
		52A6852B16617B4000B83BAF /* FavoriteCategory.h */ = {isa = PBXFileReference; fileEncoding = 4; lastKnownFileType = sourcecode.c.h; path = FavoriteCategory.h; sourceTree = "<group>"; };
		52A6852C16617B4000B83BAF /* FavoriteCategory.m */ = {isa = PBXFileReference; fileEncoding = 4; lastKnownFileType = sourcecode.c.objc; path = FavoriteCategory.m; sourceTree = "<group>"; };
		52A9788F165449C8004ABC6D /* Recommendation.app */ = {isa = PBXFileReference; explicitFileType = wrapper.application; includeInIndex = 0; path = Recommendation.app; sourceTree = BUILT_PRODUCTS_DIR; };
		52A97893165449C8004ABC6D /* Cocoa.framework */ = {isa = PBXFileReference; lastKnownFileType = wrapper.framework; name = Cocoa.framework; path = System/Library/Frameworks/Cocoa.framework; sourceTree = SDKROOT; };
		52A97896165449C8004ABC6D /* AppKit.framework */ = {isa = PBXFileReference; lastKnownFileType = wrapper.framework; name = AppKit.framework; path = System/Library/Frameworks/AppKit.framework; sourceTree = SDKROOT; };
		52A97897165449C8004ABC6D /* CoreData.framework */ = {isa = PBXFileReference; lastKnownFileType = wrapper.framework; name = CoreData.framework; path = System/Library/Frameworks/CoreData.framework; sourceTree = SDKROOT; };
		52A97898165449C8004ABC6D /* Foundation.framework */ = {isa = PBXFileReference; lastKnownFileType = wrapper.framework; name = Foundation.framework; path = System/Library/Frameworks/Foundation.framework; sourceTree = SDKROOT; };
		52A9789B165449C8004ABC6D /* Recommendation-Info.plist */ = {isa = PBXFileReference; lastKnownFileType = text.plist.xml; path = "Recommendation-Info.plist"; sourceTree = "<group>"; };
		52A9789D165449C8004ABC6D /* en */ = {isa = PBXFileReference; lastKnownFileType = text.plist.strings; name = en; path = en.lproj/InfoPlist.strings; sourceTree = "<group>"; };
		52A9789F165449C8004ABC6D /* main.m */ = {isa = PBXFileReference; lastKnownFileType = sourcecode.c.objc; path = main.m; sourceTree = "<group>"; };
		52A978A1165449C8004ABC6D /* Recommendation-Prefix.pch */ = {isa = PBXFileReference; lastKnownFileType = sourcecode.c.h; path = "Recommendation-Prefix.pch"; sourceTree = "<group>"; };
		52A978A3165449C8004ABC6D /* en */ = {isa = PBXFileReference; lastKnownFileType = text.rtf; name = en; path = en.lproj/Credits.rtf; sourceTree = "<group>"; };
		52A978A5165449C8004ABC6D /* AppDelegate.h */ = {isa = PBXFileReference; lastKnownFileType = sourcecode.c.h; path = AppDelegate.h; sourceTree = "<group>"; };
		52A978A6165449C8004ABC6D /* AppDelegate.m */ = {isa = PBXFileReference; lastKnownFileType = sourcecode.c.objc; path = AppDelegate.m; sourceTree = "<group>"; };
		52A978A9165449C8004ABC6D /* en */ = {isa = PBXFileReference; lastKnownFileType = file.xib; name = en; path = en.lproj/MainMenu.xib; sourceTree = "<group>"; };
		52A978AC165449C8004ABC6D /* Recommendation.xcdatamodel */ = {isa = PBXFileReference; lastKnownFileType = wrapper.xcdatamodel; path = Recommendation.xcdatamodel; sourceTree = "<group>"; };
		52A978B416544E35004ABC6D /* RestaurantsView.h */ = {isa = PBXFileReference; fileEncoding = 4; lastKnownFileType = sourcecode.c.h; path = RestaurantsView.h; sourceTree = "<group>"; };
		52A978B516544E35004ABC6D /* RestaurantsView.m */ = {isa = PBXFileReference; fileEncoding = 4; lastKnownFileType = sourcecode.c.objc; path = RestaurantsView.m; sourceTree = "<group>"; };
		52D683FE1662E019006919E2 /* FavoriteCuisine.h */ = {isa = PBXFileReference; fileEncoding = 4; lastKnownFileType = sourcecode.c.h; path = FavoriteCuisine.h; sourceTree = "<group>"; };
		52D683FF1662E019006919E2 /* FavoriteCuisine.m */ = {isa = PBXFileReference; fileEncoding = 4; lastKnownFileType = sourcecode.c.objc; path = FavoriteCuisine.m; sourceTree = "<group>"; };
		52D684021662E7AE006919E2 /* FavoriteLocation.h */ = {isa = PBXFileReference; fileEncoding = 4; lastKnownFileType = sourcecode.c.h; path = FavoriteLocation.h; sourceTree = "<group>"; };
		52D684031662E7AE006919E2 /* FavoriteLocation.m */ = {isa = PBXFileReference; fileEncoding = 4; lastKnownFileType = sourcecode.c.objc; path = FavoriteLocation.m; sourceTree = "<group>"; };
		52D684051662E7FF006919E2 /* FavoriteSmoking.h */ = {isa = PBXFileReference; fileEncoding = 4; lastKnownFileType = sourcecode.c.h; path = FavoriteSmoking.h; sourceTree = "<group>"; };
		52D684061662E7FF006919E2 /* FavoriteSmoking.m */ = {isa = PBXFileReference; fileEncoding = 4; lastKnownFileType = sourcecode.c.objc; path = FavoriteSmoking.m; sourceTree = "<group>"; };
/* End PBXFileReference section */

/* Begin PBXFrameworksBuildPhase section */
		52A9788C165449C8004ABC6D /* Frameworks */ = {
			isa = PBXFrameworksBuildPhase;
			buildActionMask = 2147483647;
			files = (
				52BBD9871656F71D006F9BA2 /* CoreData.framework in Frameworks */,
				52A97894165449C8004ABC6D /* Cocoa.framework in Frameworks */,
			);
			runOnlyForDeploymentPostprocessing = 0;
		};
/* End PBXFrameworksBuildPhase section */

/* Begin PBXGroup section */
		52361CFE16611DDC008232A3 /* Statistics */ = {
			isa = PBXGroup;
			children = (
				52A6852A16617B2700B83BAF /* Helper Classes */,
				52361CFF16611DF3008232A3 /* StatisticsLibrary.h */,
				52361D0016611DF3008232A3 /* StatisticsLibrary.m */,
			);
			path = Statistics;
			sourceTree = "<group>";
		};
		529FAFE4165930FA00802D22 /* DataGenerator */ = {
			isa = PBXGroup;
			children = (
				529FAFE61659311000802D22 /* DataGenerator.h */,
				529FAFE71659311000802D22 /* DataGenerator.m */,
			);
			path = DataGenerator;
			sourceTree = "<group>";
		};
		52A685241661546200B83BAF /* Constants */ = {
			isa = PBXGroup;
			children = (
				52A68526166156A000B83BAF /* Constants.h */,
			);
			path = Constants;
			sourceTree = "<group>";
		};
		52A6852A16617B2700B83BAF /* Helper Classes */ = {
			isa = PBXGroup;
			children = (
				52A6852B16617B4000B83BAF /* FavoriteCategory.h */,
				52A6852C16617B4000B83BAF /* FavoriteCategory.m */,
				52D683FE1662E019006919E2 /* FavoriteCuisine.h */,
				52D683FF1662E019006919E2 /* FavoriteCuisine.m */,
				52D684021662E7AE006919E2 /* FavoriteLocation.h */,
				52D684031662E7AE006919E2 /* FavoriteLocation.m */,
				52D684051662E7FF006919E2 /* FavoriteSmoking.h */,
				52D684061662E7FF006919E2 /* FavoriteSmoking.m */,
			);
			path = "Helper Classes";
			sourceTree = "<group>";
		};
		52A97884165449C8004ABC6D = {
			isa = PBXGroup;
			children = (
				52A97899165449C8004ABC6D /* Recommendation */,
				52A97892165449C8004ABC6D /* Frameworks */,
				52A97890165449C8004ABC6D /* Products */,
			);
			sourceTree = "<group>";
		};
		52A97890165449C8004ABC6D /* Products */ = {
			isa = PBXGroup;
			children = (
				52A9788F165449C8004ABC6D /* Recommendation.app */,
			);
			name = Products;
			sourceTree = "<group>";
		};
		52A97892165449C8004ABC6D /* Frameworks */ = {
			isa = PBXGroup;
			children = (
				52A97893165449C8004ABC6D /* Cocoa.framework */,
				52A97895165449C8004ABC6D /* Other Frameworks */,
			);
			name = Frameworks;
			sourceTree = "<group>";
		};
		52A97895165449C8004ABC6D /* Other Frameworks */ = {
			isa = PBXGroup;
			children = (
				52A97896165449C8004ABC6D /* AppKit.framework */,
				52A97897165449C8004ABC6D /* CoreData.framework */,
				52A97898165449C8004ABC6D /* Foundation.framework */,
			);
			name = "Other Frameworks";
			sourceTree = "<group>";
		};
		52A97899165449C8004ABC6D /* Recommendation */ = {
			isa = PBXGroup;
			children = (
				52A685241661546200B83BAF /* Constants */,
				52361CFE16611DDC008232A3 /* Statistics */,
				529FAFE4165930FA00802D22 /* DataGenerator */,
				52B0C21D16570631009D1361 /* DataModel */,
				52A978B316544CCC004ABC6D /* Tabs */,
				52A978A5165449C8004ABC6D /* AppDelegate.h */,
				52A978A6165449C8004ABC6D /* AppDelegate.m */,
				52A978A8165449C8004ABC6D /* MainMenu.xib */,
				52A978AB165449C8004ABC6D /* Recommendation.xcdatamodeld */,
				52A9789A165449C8004ABC6D /* Supporting Files */,
			);
			path = Recommendation;
			sourceTree = "<group>";
		};
		52A9789A165449C8004ABC6D /* Supporting Files */ = {
			isa = PBXGroup;
			children = (
				52A9789B165449C8004ABC6D /* Recommendation-Info.plist */,
				52A9789C165449C8004ABC6D /* InfoPlist.strings */,
				52A9789F165449C8004ABC6D /* main.m */,
				52A978A1165449C8004ABC6D /* Recommendation-Prefix.pch */,
				52A978A2165449C8004ABC6D /* Credits.rtf */,
			);
			name = "Supporting Files";
			sourceTree = "<group>";
		};
		52A978B316544CCC004ABC6D /* Tabs */ = {
			isa = PBXGroup;
			children = (
				52A978B416544E35004ABC6D /* RestaurantsView.h */,
				52A978B516544E35004ABC6D /* RestaurantsView.m */,
				529B7F11165D92D500C72F10 /* UsersView.h */,
				529B7F12165D92D500C72F10 /* UsersView.m */,
				523A0C4E16603B0700F9BF3E /* RatingsView.h */,
				523A0C4F16603B0700F9BF3E /* RatingsView.m */,
				522E78791666A7080017A86A /* ListPopUpcontroller.h */,
				522E787A1666A7080017A86A /* ListPopUpcontroller.m */,
			);
			path = Tabs;
			sourceTree = "<group>";
		};
		52B0C21D16570631009D1361 /* DataModel */ = {
			isa = PBXGroup;
			children = (
				52361CF716610393008232A3 /* Restaurant.h */,
				52361CF816610393008232A3 /* Restaurant.m */,
				52361CF416610392008232A3 /* Category.h */,
				52361CF516610392008232A3 /* Category.m */,
				52361CF116610392008232A3 /* User.h */,
				52361CF216610392008232A3 /* User.m */,
				52361CEE16610392008232A3 /* RatingWeight.h */,
				52361CEF16610392008232A3 /* RatingWeight.m */,
				52361CEB16610392008232A3 /* UserPreferenceWeight.h */,
				52361CEC16610392008232A3 /* UserPreferenceWeight.m */,
				52361CE816610392008232A3 /* Cuisine.h */,
				52361CE916610392008232A3 /* Cuisine.m */,
				52361CE516610392008232A3 /* UserPreference.h */,
				52361CE616610392008232A3 /* UserPreference.m */,
				52361CE216610392008232A3 /* RestaurantRating.h */,
				52361CE316610392008232A3 /* RestaurantRating.m */,
				5215B441166D4D00000007F6 /* Category+Name.h */,
				5215B442166D4D00000007F6 /* Category+Name.m */,
			);
			path = DataModel;
			sourceTree = "<group>";
		};
/* End PBXGroup section */

/* Begin PBXNativeTarget section */
		52A9788E165449C8004ABC6D /* Recommendation */ = {
			isa = PBXNativeTarget;
			buildConfigurationList = 52A978B0165449C8004ABC6D /* Build configuration list for PBXNativeTarget "Recommendation" */;
			buildPhases = (
				52A9788B165449C8004ABC6D /* Sources */,
				52A9788C165449C8004ABC6D /* Frameworks */,
				52A9788D165449C8004ABC6D /* Resources */,
			);
			buildRules = (
			);
			dependencies = (
			);
			name = Recommendation;
			productName = Recommendation;
			productReference = 52A9788F165449C8004ABC6D /* Recommendation.app */;
			productType = "com.apple.product-type.application";
		};
/* End PBXNativeTarget section */

/* Begin PBXProject section */
		52A97886165449C8004ABC6D /* Project object */ = {
			isa = PBXProject;
			attributes = {
				LastUpgradeCheck = 0450;
				ORGANIZATIONNAME = ilker;
			};
			buildConfigurationList = 52A97889165449C8004ABC6D /* Build configuration list for PBXProject "Recommendation" */;
			compatibilityVersion = "Xcode 3.2";
			developmentRegion = English;
			hasScannedForEncodings = 0;
			knownRegions = (
				en,
			);
			mainGroup = 52A97884165449C8004ABC6D;
			productRefGroup = 52A97890165449C8004ABC6D /* Products */;
			projectDirPath = "";
			projectRoot = "";
			targets = (
				52A9788E165449C8004ABC6D /* Recommendation */,
			);
		};
/* End PBXProject section */

/* Begin PBXResourcesBuildPhase section */
		52A9788D165449C8004ABC6D /* Resources */ = {
			isa = PBXResourcesBuildPhase;
			buildActionMask = 2147483647;
			files = (
				52A9789E165449C8004ABC6D /* InfoPlist.strings in Resources */,
				52A978A4165449C8004ABC6D /* Credits.rtf in Resources */,
				52A978AA165449C8004ABC6D /* MainMenu.xib in Resources */,
			);
			runOnlyForDeploymentPostprocessing = 0;
		};
/* End PBXResourcesBuildPhase section */

/* Begin PBXSourcesBuildPhase section */
		52A9788B165449C8004ABC6D /* Sources */ = {
			isa = PBXSourcesBuildPhase;
			buildActionMask = 2147483647;
			files = (
				52A978A0165449C8004ABC6D /* main.m in Sources */,
				52A978A7165449C8004ABC6D /* AppDelegate.m in Sources */,
				52A978AD165449C8004ABC6D /* Recommendation.xcdatamodeld in Sources */,
				52A978B616544E35004ABC6D /* RestaurantsView.m in Sources */,
				529FAFE81659311000802D22 /* DataGenerator.m in Sources */,
				529B7F13165D92D500C72F10 /* UsersView.m in Sources */,
				523A0C5016603B0700F9BF3E /* RatingsView.m in Sources */,
				52361CE416610392008232A3 /* RestaurantRating.m in Sources */,
				52361CE716610392008232A3 /* UserPreference.m in Sources */,
				52361CEA16610392008232A3 /* Cuisine.m in Sources */,
				52361CED16610392008232A3 /* UserPreferenceWeight.m in Sources */,
				52361CF016610392008232A3 /* RatingWeight.m in Sources */,
				52361CF316610392008232A3 /* User.m in Sources */,
				52361CF616610392008232A3 /* Category.m in Sources */,
				52361CF916610393008232A3 /* Restaurant.m in Sources */,
				52361D0116611DF3008232A3 /* StatisticsLibrary.m in Sources */,
				52A6852D16617B4000B83BAF /* FavoriteCategory.m in Sources */,
				52D684001662E019006919E2 /* FavoriteCuisine.m in Sources */,
				52D684041662E7AE006919E2 /* FavoriteLocation.m in Sources */,
				52D684071662E7FF006919E2 /* FavoriteSmoking.m in Sources */,
				522E787B1666A7080017A86A /* ListPopUpcontroller.m in Sources */,
				5215B443166D4D00000007F6 /* Category+Name.m in Sources */,
			);
			runOnlyForDeploymentPostprocessing = 0;
		};
/* End PBXSourcesBuildPhase section */

/* Begin PBXVariantGroup section */
		52A9789C165449C8004ABC6D /* InfoPlist.strings */ = {
			isa = PBXVariantGroup;
			children = (
				52A9789D165449C8004ABC6D /* en */,
			);
			name = InfoPlist.strings;
			sourceTree = "<group>";
		};
		52A978A2165449C8004ABC6D /* Credits.rtf */ = {
			isa = PBXVariantGroup;
			children = (
				52A978A3165449C8004ABC6D /* en */,
			);
			name = Credits.rtf;
			sourceTree = "<group>";
		};
		52A978A8165449C8004ABC6D /* MainMenu.xib */ = {
			isa = PBXVariantGroup;
			children = (
				52A978A9165449C8004ABC6D /* en */,
			);
			name = MainMenu.xib;
			sourceTree = "<group>";
		};
/* End PBXVariantGroup section */

/* Begin XCBuildConfiguration section */
		52A978AE165449C8004ABC6D /* Debug */ = {
			isa = XCBuildConfiguration;
			buildSettings = {
				ALWAYS_SEARCH_USER_PATHS = NO;
				ARCHS = "$(ARCHS_STANDARD_64_BIT)";
				CLANG_CXX_LANGUAGE_STANDARD = "gnu++0x";
				CLANG_CXX_LIBRARY = "libc++";
				CLANG_ENABLE_OBJC_ARC = YES;
				CLANG_WARN_EMPTY_BODY = YES;
				CLANG_WARN__DUPLICATE_METHOD_MATCH = YES;
				COPY_PHASE_STRIP = NO;
				GCC_C_LANGUAGE_STANDARD = gnu99;
				GCC_DYNAMIC_NO_PIC = NO;
				GCC_ENABLE_OBJC_EXCEPTIONS = YES;
				GCC_OPTIMIZATION_LEVEL = 0;
				GCC_PREPROCESSOR_DEFINITIONS = (
					"DEBUG=1",
					"$(inherited)",
				);
				GCC_SYMBOLS_PRIVATE_EXTERN = NO;
				GCC_WARN_64_TO_32_BIT_CONVERSION = YES;
				GCC_WARN_ABOUT_RETURN_TYPE = YES;
				GCC_WARN_UNINITIALIZED_AUTOS = YES;
				GCC_WARN_UNUSED_VARIABLE = YES;
				"HEADER_SEARCH_PATHS[arch=*]" = /opt/local/include;
				"LIBRARY_SEARCH_PATHS[arch=*]" = /opt/local/lib;
				MACOSX_DEPLOYMENT_TARGET = 10.8;
				ONLY_ACTIVE_ARCH = YES;
				OTHER_LDFLAGS = (
					"-lgsl",
					"-lgslcblas",
				);
				SDKROOT = macosx;
			};
			name = Debug;
		};
		52A978AF165449C8004ABC6D /* Release */ = {
			isa = XCBuildConfiguration;
			buildSettings = {
				ALWAYS_SEARCH_USER_PATHS = NO;
				ARCHS = "$(ARCHS_STANDARD_64_BIT)";
				CLANG_CXX_LANGUAGE_STANDARD = "gnu++0x";
				CLANG_CXX_LIBRARY = "libc++";
				CLANG_ENABLE_OBJC_ARC = YES;
				CLANG_WARN_EMPTY_BODY = YES;
				CLANG_WARN__DUPLICATE_METHOD_MATCH = YES;
				COPY_PHASE_STRIP = YES;
				DEBUG_INFORMATION_FORMAT = "dwarf-with-dsym";
				GCC_C_LANGUAGE_STANDARD = gnu99;
				GCC_ENABLE_OBJC_EXCEPTIONS = YES;
				GCC_WARN_64_TO_32_BIT_CONVERSION = YES;
				GCC_WARN_ABOUT_RETURN_TYPE = YES;
				GCC_WARN_UNINITIALIZED_AUTOS = YES;
				GCC_WARN_UNUSED_VARIABLE = YES;
				MACOSX_DEPLOYMENT_TARGET = 10.8;
				SDKROOT = macosx;
			};
			name = Release;
		};
		52A978B1165449C8004ABC6D /* Debug */ = {
			isa = XCBuildConfiguration;
			buildSettings = {
				COMBINE_HIDPI_IMAGES = YES;
				GCC_PRECOMPILE_PREFIX_HEADER = YES;
				GCC_PREFIX_HEADER = "Recommendation/Recommendation-Prefix.pch";
				INFOPLIST_FILE = "Recommendation/Recommendation-Info.plist";
				PRODUCT_NAME = "$(TARGET_NAME)";
				WRAPPER_EXTENSION = app;
			};
			name = Debug;
		};
		52A978B2165449C8004ABC6D /* Release */ = {
			isa = XCBuildConfiguration;
			buildSettings = {
				COMBINE_HIDPI_IMAGES = YES;
				GCC_PRECOMPILE_PREFIX_HEADER = YES;
				GCC_PREFIX_HEADER = "Recommendation/Recommendation-Prefix.pch";
				INFOPLIST_FILE = "Recommendation/Recommendation-Info.plist";
				PRODUCT_NAME = "$(TARGET_NAME)";
				WRAPPER_EXTENSION = app;
			};
			name = Release;
		};
/* End XCBuildConfiguration section */

/* Begin XCConfigurationList section */
		52A97889165449C8004ABC6D /* Build configuration list for PBXProject "Recommendation" */ = {
			isa = XCConfigurationList;
			buildConfigurations = (
				52A978AE165449C8004ABC6D /* Debug */,
				52A978AF165449C8004ABC6D /* Release */,
			);
			defaultConfigurationIsVisible = 0;
			defaultConfigurationName = Release;
		};
		52A978B0165449C8004ABC6D /* Build configuration list for PBXNativeTarget "Recommendation" */ = {
			isa = XCConfigurationList;
			buildConfigurations = (
				52A978B1165449C8004ABC6D /* Debug */,
				52A978B2165449C8004ABC6D /* Release */,
			);
			defaultConfigurationIsVisible = 0;
			defaultConfigurationName = Release;
		};
/* End XCConfigurationList section */

/* Begin XCVersionGroup section */
		52A978AB165449C8004ABC6D /* Recommendation.xcdatamodeld */ = {
			isa = XCVersionGroup;
			children = (
				52A978AC165449C8004ABC6D /* Recommendation.xcdatamodel */,
			);
			currentVersion = 52A978AC165449C8004ABC6D /* Recommendation.xcdatamodel */;
			path = Recommendation.xcdatamodeld;
			sourceTree = "<group>";
			versionGroupType = wrapper.xcdatamodel;
		};
/* End XCVersionGroup section */
	};
	rootObject = 52A97886165449C8004ABC6D /* Project object */;
}
